<?xml version="1.0" encoding="utf-8"?>
<Project ToolsVersion="4.0" xmlns="http://schemas.microsoft.com/developer/msbuild/2003">
  <ItemGroup>
    <Filter Include="system">
      <UniqueIdentifier>{22dd8095-74f9-46df-81a1-36675a040b1f}</UniqueIdentifier>
    </Filter>
    <Filter Include="Stage">
      <UniqueIdentifier>{1d0371c7-add8-45f7-b3e2-e6213756e1fe}</UniqueIdentifier>
    </Filter>
    <Filter Include="Stage\StageLoader">
      <UniqueIdentifier>{9cb4b88e-7b23-4854-83f1-5b1808400666}</UniqueIdentifier>
    </Filter>
  </ItemGroup>
  <ItemGroup>
    <ClCompile Include="stdafx.cpp" />
    <ClCompile Include="main.cpp" />
    <ClCompile Include="system\system.cpp">
      <Filter>system</Filter>
    </ClCompile>
    <ClCompile Include="Stage\StageLoader\StageLoader.cpp">
      <Filter>Stage\StageLoader</Filter>
    </ClCompile>
    <ClCompile Include="StageResourceLoader.cpp">
      <Filter>Stage</Filter>
    </ClCompile>
    <ClCompile Include="Stage\StageAssetDatabase.cpp">
      <Filter>Stage</Filter>
    </ClCompile>
  </ItemGroup>
  <ItemGroup>
    <ClInclude Include="stdafx.h" />
    <ClInclude Include="system\system.h">
      <Filter>system</Filter>
    </ClInclude>
    <ClInclude Include="Stage\StageLoader\StageDefinition.h">
      <Filter>Stage\StageLoader</Filter>
    </ClInclude>
    <ClInclude Include="Stage\StageLoader\StageLoader.h">
      <Filter>Stage\StageLoader</Filter>
    </ClInclude>
    <ClInclude Include="Stage\StageLoader\TransformHelper.h">
      <Filter>Stage\StageLoader</Filter>
    </ClInclude>
    <ClInclude Include="Stage\StageAssetDatabase.h">
      <Filter>Stage</Filter>
    </ClInclude>
  </ItemGroup>
</Project>